{
  "nodes": {
    "biomepkg": {
      "locked": {
        "lastModified": 1750182569,
        "narHash": "sha256-gY8fJQ7bIqPw0H4ZwMRBkoBd7ZxDhCwlNM0UIKUUAfo=",
        "owner": "isabelroses",
        "repo": "nixpkgs",
        "rev": "bac1e0dc714dccadc5c5f21b8c8f1a5bbb3ea20d",
        "type": "github"
      },
      "original": {
        "owner": "isabelroses",
        "ref": "biome-2",
        "repo": "nixpkgs",
        "type": "github"
      }
    },
    "nixpkgs": {
      "locked": {
        "lastModified": 1750134718,
        "narHash": "sha256-v263g4GbxXv87hMXMCpjkIxd/viIF7p3JpJrwgKdNiI=",
        "owner": "nixos",
        "repo": "nixpkgs",
        "rev": "9e83b64f727c88a7711a2c463a7b16eedb69a84c",
        "type": "github"
      },
      "original": {
        "owner": "nixos",
        "ref": "nixos-unstable",
        "repo": "nixpkgs",
        "type": "github"
      }
    },
    "root": {
      "inputs": {
        "biomepkg": "biomepkg",
        "nixpkgs": "nixpkgs"
      }
    }
  },
  "root": "root",
  "version": 7
}
